
Microsoft Visual Studio Solution File, Format Version 12.00
# Visual Studio Version 17
VisualStudioVersion = 17.5.33424.131
MinimumVisualStudioVersion = 10.0.40219.1
Project("{FAE04EC0-301F-11D3-BF4B-00C04F79EFBC}") = "Exercise (movie app)", "Exercise (movie app)\Exercise (movie app).csproj", "{3AACCBE8-171A-4C95-BC63-8BD099A446BD}"
EndProject
Project("{FAE04EC0-301F-11D3-BF4B-00C04F79EFBC}") = "Domains", "Domains\Domains.csproj", "{6D5D2BD9-8D46-47E4-BF72-F9C540B4E89D}"
EndProject
Global
	GlobalSection(SolutionConfigurationPlatforms) = preSolution
		Debug|Any CPU = Debug|Any CPU
		Release|Any CPU = Release|Any CPU
	EndGlobalSection
	GlobalSection(ProjectConfigurationPlatforms) = postSolution
		{3AACCBE8-171A-4C95-BC63-8BD099A446BD}.Debug|Any CPU.ActiveCfg = Debug|Any CPU
		{3AACCBE8-171A-4C95-BC63-8BD099A446BD}.Debug|Any CPU.Build.0 = Debug|Any CPU
		{3AACCBE8-171A-4C95-BC63-8BD099A446BD}.Release|Any CPU.ActiveCfg = Release|Any CPU
		{3AACCBE8-171A-4C95-BC63-8BD099A446BD}.Release|Any CPU.Build.0 = Release|Any CPU
		{6D5D2BD9-8D46-47E4-BF72-F9C540B4E89D}.Debug|Any CPU.ActiveCfg = Debug|Any CPU
		{6D5D2BD9-8D46-47E4-BF72-F9C540B4E89D}.Debug|Any CPU.Build.0 = Debug|Any CPU
		{6D5D2BD9-8D46-47E4-BF72-F9C540B4E89D}.Release|Any CPU.ActiveCfg = Release|Any CPU
		{6D5D2BD9-8D46-47E4-BF72-F9C540B4E89D}.Release|Any CPU.Build.0 = Release|Any CPU
	EndGlobalSection
	GlobalSection(SolutionProperties) = preSolution
		HideSolutionNode = FALSE
	EndGlobalSection
	GlobalSection(ExtensibilityGlobals) = postSolution
		SolutionGuid = {F50557E0-A0A8-4962-9C0E-F46F77CE0EA1}
	EndGlobalSection
EndGlobal
