
Microsoft Visual Studio Solution File, Format Version 12.00
# Visual Studio Version 17
VisualStudioVersion = 17.5.33424.131
MinimumVisualStudioVersion = 10.0.40219.1
Project("{FAE04EC0-301F-11D3-BF4B-00C04F79EFBC}") = "Homework #6 - Option 2 (Shape)", "Homework #6 - Option 2 (Shape)\Homework #6 - Option 2 (Shape).csproj", "{6E46AC52-40BF-455A-80E9-2A71E1D4F434}"
EndProject
Global
	GlobalSection(SolutionConfigurationPlatforms) = preSolution
		Debug|Any CPU = Debug|Any CPU
		Release|Any CPU = Release|Any CPU
	EndGlobalSection
	GlobalSection(ProjectConfigurationPlatforms) = postSolution
		{6E46AC52-40BF-455A-80E9-2A71E1D4F434}.Debug|Any CPU.ActiveCfg = Debug|Any CPU
		{6E46AC52-40BF-455A-80E9-2A71E1D4F434}.Debug|Any CPU.Build.0 = Debug|Any CPU
		{6E46AC52-40BF-455A-80E9-2A71E1D4F434}.Release|Any CPU.ActiveCfg = Release|Any CPU
		{6E46AC52-40BF-455A-80E9-2A71E1D4F434}.Release|Any CPU.Build.0 = Release|Any CPU
	EndGlobalSection
	GlobalSection(SolutionProperties) = preSolution
		HideSolutionNode = FALSE
	EndGlobalSection
	GlobalSection(ExtensibilityGlobals) = postSolution
		SolutionGuid = {91BF8089-8B49-4167-9B00-06050CC49461}
	EndGlobalSection
EndGlobal
