
Microsoft Visual Studio Solution File, Format Version 12.00
# Visual Studio Version 17
VisualStudioVersion = 17.5.33424.131
MinimumVisualStudioVersion = 10.0.40219.1
Project("{FAE04EC0-301F-11D3-BF4B-00C04F79EFBC}") = "Task 1 - Print string's last 5 chars", "Task 1 - Print string's last 5 chars\Task 1 - Print string's last 5 chars.csproj", "{9AA9D071-9F20-4023-A637-96854BF4F0A6}"
EndProject
Project("{FAE04EC0-301F-11D3-BF4B-00C04F79EFBC}") = "Task 2 - Sentence's words print out", "Task 2 - Sentence's words print out\Task 2 - Sentence's words print out.csproj", "{C0DD4022-0C2F-4CD3-B062-05D4958AD589}"
EndProject
Project("{FAE04EC0-301F-11D3-BF4B-00C04F79EFBC}") = "Task 3 - Sum of digits of the input number", "Task 3 - Sum of digits of the input number\Task 3 - Sum of digits of the input number.csproj", "{F39E2EF8-3E31-4D82-81ED-801071CA18C5}"
EndProject
Project("{FAE04EC0-301F-11D3-BF4B-00C04F79EFBC}") = "Task 4 - Age Calculator", "Task 4 - Age Calculator\Task 4 - Age Calculator.csproj", "{BF77291A-9097-4DFF-ABC0-FA5589B46781}"
EndProject
Global
	GlobalSection(SolutionConfigurationPlatforms) = preSolution
		Debug|Any CPU = Debug|Any CPU
		Release|Any CPU = Release|Any CPU
	EndGlobalSection
	GlobalSection(ProjectConfigurationPlatforms) = postSolution
		{9AA9D071-9F20-4023-A637-96854BF4F0A6}.Debug|Any CPU.ActiveCfg = Debug|Any CPU
		{9AA9D071-9F20-4023-A637-96854BF4F0A6}.Debug|Any CPU.Build.0 = Debug|Any CPU
		{9AA9D071-9F20-4023-A637-96854BF4F0A6}.Release|Any CPU.ActiveCfg = Release|Any CPU
		{9AA9D071-9F20-4023-A637-96854BF4F0A6}.Release|Any CPU.Build.0 = Release|Any CPU
		{C0DD4022-0C2F-4CD3-B062-05D4958AD589}.Debug|Any CPU.ActiveCfg = Debug|Any CPU
		{C0DD4022-0C2F-4CD3-B062-05D4958AD589}.Debug|Any CPU.Build.0 = Debug|Any CPU
		{C0DD4022-0C2F-4CD3-B062-05D4958AD589}.Release|Any CPU.ActiveCfg = Release|Any CPU
		{C0DD4022-0C2F-4CD3-B062-05D4958AD589}.Release|Any CPU.Build.0 = Release|Any CPU
		{F39E2EF8-3E31-4D82-81ED-801071CA18C5}.Debug|Any CPU.ActiveCfg = Debug|Any CPU
		{F39E2EF8-3E31-4D82-81ED-801071CA18C5}.Debug|Any CPU.Build.0 = Debug|Any CPU
		{F39E2EF8-3E31-4D82-81ED-801071CA18C5}.Release|Any CPU.ActiveCfg = Release|Any CPU
		{F39E2EF8-3E31-4D82-81ED-801071CA18C5}.Release|Any CPU.Build.0 = Release|Any CPU
		{BF77291A-9097-4DFF-ABC0-FA5589B46781}.Debug|Any CPU.ActiveCfg = Debug|Any CPU
		{BF77291A-9097-4DFF-ABC0-FA5589B46781}.Debug|Any CPU.Build.0 = Debug|Any CPU
		{BF77291A-9097-4DFF-ABC0-FA5589B46781}.Release|Any CPU.ActiveCfg = Release|Any CPU
		{BF77291A-9097-4DFF-ABC0-FA5589B46781}.Release|Any CPU.Build.0 = Release|Any CPU
	EndGlobalSection
	GlobalSection(SolutionProperties) = preSolution
		HideSolutionNode = FALSE
	EndGlobalSection
	GlobalSection(ExtensibilityGlobals) = postSolution
		SolutionGuid = {8579D42B-4FA8-4AA2-B1ED-9DE5AC8C0707}
	EndGlobalSection
EndGlobal
